
Microsoft Visual Studio Solution File, Format Version 12.00
# Visual Studio Version 17
VisualStudioVersion = 17.0.31717.71
MinimumVisualStudioVersion = 10.0.40219.1
Project("{9A19103F-16F7-4668-BE54-9A1E7A4F7556}") = "_build", "build\_build.csproj", "{EAC38238-035E-4D58-B4D8-7CB66AC6C53A}"
EndProject
Project("{9A19103F-16F7-4668-BE54-9A1E7A4F7556}") = "ByteFoo.Extensions.Configuration.Esc", "src\ByteFoo.Extensions.Configuration.Esc\ByteFoo.Extensions.Configuration.Esc.csproj", "{6D58BBA5-4A0A-4866-BA23-4AE299927C8E}"
EndProject
Global
	GlobalSection(SolutionConfigurationPlatforms) = preSolution
		Debug|Any CPU = Debug|Any CPU
		Release|Any CPU = Release|Any CPU
	EndGlobalSection
	GlobalSection(ProjectConfigurationPlatforms) = postSolution
		{EAC38238-035E-4D58-B4D8-7CB66AC6C53A}.Debug|Any CPU.ActiveCfg = Debug|Any CPU
		{EAC38238-035E-4D58-B4D8-7CB66AC6C53A}.Release|Any CPU.ActiveCfg = Release|Any CPU
		{6D58BBA5-4A0A-4866-BA23-4AE299927C8E}.Debug|Any CPU.ActiveCfg = Debug|Any CPU
		{6D58BBA5-4A0A-4866-BA23-4AE299927C8E}.Debug|Any CPU.Build.0 = Debug|Any CPU
		{6D58BBA5-4A0A-4866-BA23-4AE299927C8E}.Release|Any CPU.ActiveCfg = Release|Any CPU
		{6D58BBA5-4A0A-4866-BA23-4AE299927C8E}.Release|Any CPU.Build.0 = Release|Any CPU
	EndGlobalSection
	GlobalSection(SolutionProperties) = preSolution
		HideSolutionNode = FALSE
	EndGlobalSection
	GlobalSection(ExtensibilityGlobals) = postSolution
		SolutionGuid = {6D8223F5-7CB2-4AA6-9971-1C0305D90DF7}
	EndGlobalSection
EndGlobal
